
Microsoft Visual Studio Solution File, Format Version 12.00
# Visual Studio 15
VisualStudioVersion = 15.0.27703.2000
MinimumVisualStudioVersion = 10.0.40219.1
Project("{FAE04EC0-301F-11D3-BF4B-00C04F79EFBC}") = "Notepad_sharp", "Notepad_sharp\Notepad_sharp.csproj", "{EBA6F31C-F46E-4B13-B549-5B001CFBD37B}"
EndProject
Global
	GlobalSection(SolutionConfigurationPlatforms) = preSolution
		Debug|Any CPU = Debug|Any CPU
		Release|Any CPU = Release|Any CPU
	EndGlobalSection
	GlobalSection(ProjectConfigurationPlatforms) = postSolution
		{EBA6F31C-F46E-4B13-B549-5B001CFBD37B}.Debug|Any CPU.ActiveCfg = Debug|Any CPU
		{EBA6F31C-F46E-4B13-B549-5B001CFBD37B}.Debug|Any CPU.Build.0 = Debug|Any CPU
		{EBA6F31C-F46E-4B13-B549-5B001CFBD37B}.Release|Any CPU.ActiveCfg = Release|Any CPU
		{EBA6F31C-F46E-4B13-B549-5B001CFBD37B}.Release|Any CPU.Build.0 = Release|Any CPU
	EndGlobalSection
	GlobalSection(SolutionProperties) = preSolution
		HideSolutionNode = FALSE
	EndGlobalSection
	GlobalSection(ExtensibilityGlobals) = postSolution
		SolutionGuid = {4DE0C3B9-1E35-451A-A030-37CC47A6035F}
	EndGlobalSection
EndGlobal
