
Microsoft Visual Studio Solution File, Format Version 12.00
# Visual Studio 15
VisualStudioVersion = 15.0.28307.168
MinimumVisualStudioVersion = 10.0.40219.1
Project("{FAE04EC0-301F-11D3-BF4B-00C04F79EFBC}") = "QueueApp", "QueueApp\QueueApp.csproj", "{9E8C3851-50B7-49A6-9E36-2A5742A8151A}"
EndProject
Project("{FAE04EC0-301F-11D3-BF4B-00C04F79EFBC}") = "Test", "ServerTest\Test.csproj", "{E2075750-B2EC-4AEC-B726-D9F8292B1286}"
EndProject
Global
	GlobalSection(SolutionConfigurationPlatforms) = preSolution
		Debug|Any CPU = Debug|Any CPU
		Release|Any CPU = Release|Any CPU
	EndGlobalSection
	GlobalSection(ProjectConfigurationPlatforms) = postSolution
		{9E8C3851-50B7-49A6-9E36-2A5742A8151A}.Debug|Any CPU.ActiveCfg = Debug|Any CPU
		{9E8C3851-50B7-49A6-9E36-2A5742A8151A}.Debug|Any CPU.Build.0 = Debug|Any CPU
		{9E8C3851-50B7-49A6-9E36-2A5742A8151A}.Release|Any CPU.ActiveCfg = Release|Any CPU
		{9E8C3851-50B7-49A6-9E36-2A5742A8151A}.Release|Any CPU.Build.0 = Release|Any CPU
		{E2075750-B2EC-4AEC-B726-D9F8292B1286}.Debug|Any CPU.ActiveCfg = Debug|Any CPU
		{E2075750-B2EC-4AEC-B726-D9F8292B1286}.Debug|Any CPU.Build.0 = Debug|Any CPU
		{E2075750-B2EC-4AEC-B726-D9F8292B1286}.Release|Any CPU.ActiveCfg = Release|Any CPU
		{E2075750-B2EC-4AEC-B726-D9F8292B1286}.Release|Any CPU.Build.0 = Release|Any CPU
	EndGlobalSection
	GlobalSection(SolutionProperties) = preSolution
		HideSolutionNode = FALSE
	EndGlobalSection
	GlobalSection(ExtensibilityGlobals) = postSolution
		SolutionGuid = {C10B4C06-FD7A-4BA6-87E5-D5ED4780A141}
	EndGlobalSection
EndGlobal
